
Microsoft Visual Studio Solution File, Format Version 12.00
# Visual Studio 15
VisualStudioVersion = 15.0.28307.136
MinimumVisualStudioVersion = 10.0.40219.1
Project("{FAE04EC0-301F-11D3-BF4B-00C04F79EFBC}") = "UsSchedulerMeetings", "UsSchedulerMeetings\UsSchedulerMeetings.csproj", "{E44CC895-470E-43E5-B571-258595F9671D}"
EndProject
Project("{00D1A9C2-B5F0-4AF3-8072-F6C62B433612}") = "MeetingsSchema", "MeetingsSchema\MeetingsSchema.sqlproj", "{4D882708-328B-40EA-A5FF-C2DCAB99DA51}"
EndProject
Global
	GlobalSection(SolutionConfigurationPlatforms) = preSolution
		Debug|Any CPU = Debug|Any CPU
		Release|Any CPU = Release|Any CPU
	EndGlobalSection
	GlobalSection(ProjectConfigurationPlatforms) = postSolution
		{E44CC895-470E-43E5-B571-258595F9671D}.Debug|Any CPU.ActiveCfg = Debug|Any CPU
		{E44CC895-470E-43E5-B571-258595F9671D}.Debug|Any CPU.Build.0 = Debug|Any CPU
		{E44CC895-470E-43E5-B571-258595F9671D}.Release|Any CPU.ActiveCfg = Release|Any CPU
		{E44CC895-470E-43E5-B571-258595F9671D}.Release|Any CPU.Build.0 = Release|Any CPU
		{4D882708-328B-40EA-A5FF-C2DCAB99DA51}.Debug|Any CPU.ActiveCfg = Debug|Any CPU
		{4D882708-328B-40EA-A5FF-C2DCAB99DA51}.Debug|Any CPU.Build.0 = Debug|Any CPU
		{4D882708-328B-40EA-A5FF-C2DCAB99DA51}.Debug|Any CPU.Deploy.0 = Debug|Any CPU
		{4D882708-328B-40EA-A5FF-C2DCAB99DA51}.Release|Any CPU.ActiveCfg = Release|Any CPU
		{4D882708-328B-40EA-A5FF-C2DCAB99DA51}.Release|Any CPU.Build.0 = Release|Any CPU
		{4D882708-328B-40EA-A5FF-C2DCAB99DA51}.Release|Any CPU.Deploy.0 = Release|Any CPU
	EndGlobalSection
	GlobalSection(SolutionProperties) = preSolution
		HideSolutionNode = FALSE
	EndGlobalSection
	GlobalSection(ExtensibilityGlobals) = postSolution
		SolutionGuid = {FFEAA0F6-0C3E-4769-9C0F-F4FC033B4081}
	EndGlobalSection
EndGlobal
